
Microsoft Visual Studio Solution File, Format Version 12.00
# Visual Studio Version 17
VisualStudioVersion = 17.3.32611.2
MinimumVisualStudioVersion = 10.0.40219.1
Project("{FAE04EC0-301F-11D3-BF4B-00C04F79EFBC}") = "BakaXL.Core", "BakaXL.Core\BakaXL.Core.csproj", "{CBDA4DB0-6DF8-4DDB-A57C-A2E40CF33412}"
EndProject
Project("{FAE04EC0-301F-11D3-BF4B-00C04F79EFBC}") = "BakaXL.Core.Test", "BakaXL.Core.Test\BakaXL.Core.Test.csproj", "{1E155AE8-70B6-4DD2-AEFC-7678F022DBF6}"
EndProject
Global
	GlobalSection(SolutionConfigurationPlatforms) = preSolution
		Debug|Any CPU = Debug|Any CPU
		Release|Any CPU = Release|Any CPU
	EndGlobalSection
	GlobalSection(ProjectConfigurationPlatforms) = postSolution
		{CBDA4DB0-6DF8-4DDB-A57C-A2E40CF33412}.Debug|Any CPU.ActiveCfg = Debug|Any CPU
		{CBDA4DB0-6DF8-4DDB-A57C-A2E40CF33412}.Debug|Any CPU.Build.0 = Debug|Any CPU
		{CBDA4DB0-6DF8-4DDB-A57C-A2E40CF33412}.Release|Any CPU.ActiveCfg = Release|Any CPU
		{CBDA4DB0-6DF8-4DDB-A57C-A2E40CF33412}.Release|Any CPU.Build.0 = Release|Any CPU
		{1E155AE8-70B6-4DD2-AEFC-7678F022DBF6}.Debug|Any CPU.ActiveCfg = Debug|Any CPU
		{1E155AE8-70B6-4DD2-AEFC-7678F022DBF6}.Debug|Any CPU.Build.0 = Debug|Any CPU
		{1E155AE8-70B6-4DD2-AEFC-7678F022DBF6}.Release|Any CPU.ActiveCfg = Release|Any CPU
		{1E155AE8-70B6-4DD2-AEFC-7678F022DBF6}.Release|Any CPU.Build.0 = Release|Any CPU
	EndGlobalSection
	GlobalSection(SolutionProperties) = preSolution
		HideSolutionNode = FALSE
	EndGlobalSection
	GlobalSection(ExtensibilityGlobals) = postSolution
		SolutionGuid = {56C2D72A-E2F3-4A9F-AE7F-3F603C47FE6C}
	EndGlobalSection
EndGlobal
